
Microsoft Visual Studio Solution File, Format Version 12.00
# Visual Studio Version 17
VisualStudioVersion = 17.4.33122.133
MinimumVisualStudioVersion = 10.0.40219.1
Project("{FAE04EC0-301F-11D3-BF4B-00C04F79EFBC}") = "CodexAssistant", "CodexAssistant.csproj", "{C0541827-190D-43DF-AE6A-2BE80A750C98}"
EndProject
Global
	GlobalSection(SolutionConfigurationPlatforms) = preSolution
		Debug|Any CPU = Debug|Any CPU
		Release|Any CPU = Release|Any CPU
	EndGlobalSection
	GlobalSection(ProjectConfigurationPlatforms) = postSolution
		{C0541827-190D-43DF-AE6A-2BE80A750C98}.Debug|Any CPU.ActiveCfg = Debug|Any CPU
		{C0541827-190D-43DF-AE6A-2BE80A750C98}.Debug|Any CPU.Build.0 = Debug|Any CPU
		{C0541827-190D-43DF-AE6A-2BE80A750C98}.Release|Any CPU.ActiveCfg = Release|Any CPU
		{C0541827-190D-43DF-AE6A-2BE80A750C98}.Release|Any CPU.Build.0 = Release|Any CPU
	EndGlobalSection
	GlobalSection(SolutionProperties) = preSolution
		HideSolutionNode = FALSE
	EndGlobalSection
	GlobalSection(ExtensibilityGlobals) = postSolution
		SolutionGuid = {61D1E78A-A08C-43C6-BE9D-321FD8C5A1A0}
	EndGlobalSection
EndGlobal
